
Microsoft Visual Studio Solution File, Format Version 12.00
# Visual Studio Version 16
VisualStudioVersion = 16.0.31911.196
MinimumVisualStudioVersion = 10.0.40219.1
Project("{9A19103F-16F7-4668-BE54-9A1E7A4F7556}") = "LaserCalcUI", "LaserCalcUI.csproj", "{6DC196BF-6D72-47AE-A3FB-8AB998D73F77}"
EndProject
Project("{9A19103F-16F7-4668-BE54-9A1E7A4F7556}") = "LaserCalcTests", "..\LaserCalcTests\LaserCalcTests.csproj", "{517C2B44-C2BB-4FD5-841C-BC941C105A62}"
EndProject
Global
	GlobalSection(SolutionConfigurationPlatforms) = preSolution
		Debug|Any CPU = Debug|Any CPU
		Release|Any CPU = Release|Any CPU
	EndGlobalSection
	GlobalSection(ProjectConfigurationPlatforms) = postSolution
		{6DC196BF-6D72-47AE-A3FB-8AB998D73F77}.Debug|Any CPU.ActiveCfg = Debug|Any CPU
		{6DC196BF-6D72-47AE-A3FB-8AB998D73F77}.Debug|Any CPU.Build.0 = Debug|Any CPU
		{6DC196BF-6D72-47AE-A3FB-8AB998D73F77}.Release|Any CPU.ActiveCfg = Release|Any CPU
		{6DC196BF-6D72-47AE-A3FB-8AB998D73F77}.Release|Any CPU.Build.0 = Release|Any CPU
		{517C2B44-C2BB-4FD5-841C-BC941C105A62}.Debug|Any CPU.ActiveCfg = Debug|Any CPU
		{517C2B44-C2BB-4FD5-841C-BC941C105A62}.Debug|Any CPU.Build.0 = Debug|Any CPU
		{517C2B44-C2BB-4FD5-841C-BC941C105A62}.Release|Any CPU.ActiveCfg = Release|Any CPU
		{517C2B44-C2BB-4FD5-841C-BC941C105A62}.Release|Any CPU.Build.0 = Release|Any CPU
	EndGlobalSection
	GlobalSection(SolutionProperties) = preSolution
		HideSolutionNode = FALSE
	EndGlobalSection
	GlobalSection(ExtensibilityGlobals) = postSolution
		SolutionGuid = {FC9C684A-AC02-49CD-A702-FBC0032B522E}
	EndGlobalSection
EndGlobal
