
Microsoft Visual Studio Solution File, Format Version 12.00
# Visual Studio Version 17
VisualStudioVersion = 17.9.34728.123
MinimumVisualStudioVersion = 10.0.40219.1
Project("{FAE04EC0-301F-11D3-BF4B-00C04F79EFBC}") = "LaserCalcUI", "LaserCalcUI.csproj", "{4624BE65-3156-4270-B4B0-9D952862A371}"
EndProject
Project("{FAE04EC0-301F-11D3-BF4B-00C04F79EFBC}") = "LaserCalcUITests", "..\LaserCalcUITests\LaserCalcUITests.csproj", "{73C7DC61-DF22-4F52-B5A0-84EDB09B020A}"
EndProject
Global
	GlobalSection(SolutionConfigurationPlatforms) = preSolution
		Debug|Any CPU = Debug|Any CPU
		Release|Any CPU = Release|Any CPU
	EndGlobalSection
	GlobalSection(ProjectConfigurationPlatforms) = postSolution
		{4624BE65-3156-4270-B4B0-9D952862A371}.Debug|Any CPU.ActiveCfg = Debug|Any CPU
		{4624BE65-3156-4270-B4B0-9D952862A371}.Debug|Any CPU.Build.0 = Debug|Any CPU
		{4624BE65-3156-4270-B4B0-9D952862A371}.Release|Any CPU.ActiveCfg = Release|Any CPU
		{4624BE65-3156-4270-B4B0-9D952862A371}.Release|Any CPU.Build.0 = Release|Any CPU
		{73C7DC61-DF22-4F52-B5A0-84EDB09B020A}.Debug|Any CPU.ActiveCfg = Debug|Any CPU
		{73C7DC61-DF22-4F52-B5A0-84EDB09B020A}.Debug|Any CPU.Build.0 = Debug|Any CPU
		{73C7DC61-DF22-4F52-B5A0-84EDB09B020A}.Release|Any CPU.ActiveCfg = Release|Any CPU
		{73C7DC61-DF22-4F52-B5A0-84EDB09B020A}.Release|Any CPU.Build.0 = Release|Any CPU
	EndGlobalSection
	GlobalSection(SolutionProperties) = preSolution
		HideSolutionNode = FALSE
	EndGlobalSection
	GlobalSection(ExtensibilityGlobals) = postSolution
		SolutionGuid = {F1414337-992E-4A5E-A9B6-5426DEEE883B}
	EndGlobalSection
EndGlobal
